
Microsoft Visual Studio Solution File, Format Version 12.00
# Visual Studio Version 16
VisualStudioVersion = 16.0.31313.79
MinimumVisualStudioVersion = 10.0.40219.1
Project("{FAE04EC0-301F-11D3-BF4B-00C04F79EFBC}") = "Vaccinator", "Vaccinator.csproj", "{C0029597-26F2-4E89-87BE-B388106C0002}"
EndProject
Global
	GlobalSection(SolutionConfigurationPlatforms) = preSolution
		Debug|Any CPU = Debug|Any CPU
		Release|Any CPU = Release|Any CPU
	EndGlobalSection
	GlobalSection(ProjectConfigurationPlatforms) = postSolution
		{C0029597-26F2-4E89-87BE-B388106C0002}.Debug|Any CPU.ActiveCfg = Debug|Any CPU
		{C0029597-26F2-4E89-87BE-B388106C0002}.Debug|Any CPU.Build.0 = Debug|Any CPU
		{C0029597-26F2-4E89-87BE-B388106C0002}.Release|Any CPU.ActiveCfg = Release|Any CPU
		{C0029597-26F2-4E89-87BE-B388106C0002}.Release|Any CPU.Build.0 = Release|Any CPU
	EndGlobalSection
	GlobalSection(SolutionProperties) = preSolution
		HideSolutionNode = FALSE
	EndGlobalSection
	GlobalSection(ExtensibilityGlobals) = postSolution
		SolutionGuid = {1CB22E41-BAA0-4E6B-92D2-8B7D4E6EF7D2}
	EndGlobalSection
EndGlobal
